
Microsoft Visual Studio Solution File, Format Version 12.00
# Visual Studio Version 16
VisualStudioVersion = 16.0.28729.10
MinimumVisualStudioVersion = 10.0.40219.1
Project("{FAE04EC0-301F-11D3-BF4B-00C04F79EFBC}") = "DrugStore.Entities", "DrugStore.Entities\DrugStore.Entities.csproj", "{453CA8E0-A069-4849-9FF6-1D8679ADC8F0}"
EndProject
Project("{FAE04EC0-301F-11D3-BF4B-00C04F79EFBC}") = "DrugStore.Data", "DrugStore.Data\DrugStore.Data.csproj", "{89FC55A2-2BB6-44AF-BBA7-969442DCFB04}"
EndProject
Project("{FAE04EC0-301F-11D3-BF4B-00C04F79EFBC}") = "DrugStore.Web", "DrugStore.Web\DrugStore.Web.csproj", "{F407472D-A524-4225-BA96-152DE6EAAEF3}"
EndProject
Global
	GlobalSection(SolutionConfigurationPlatforms) = preSolution
		Debug|Any CPU = Debug|Any CPU
		Release|Any CPU = Release|Any CPU
	EndGlobalSection
	GlobalSection(ProjectConfigurationPlatforms) = postSolution
		{453CA8E0-A069-4849-9FF6-1D8679ADC8F0}.Debug|Any CPU.ActiveCfg = Debug|Any CPU
		{453CA8E0-A069-4849-9FF6-1D8679ADC8F0}.Debug|Any CPU.Build.0 = Debug|Any CPU
		{453CA8E0-A069-4849-9FF6-1D8679ADC8F0}.Release|Any CPU.ActiveCfg = Release|Any CPU
		{453CA8E0-A069-4849-9FF6-1D8679ADC8F0}.Release|Any CPU.Build.0 = Release|Any CPU
		{89FC55A2-2BB6-44AF-BBA7-969442DCFB04}.Debug|Any CPU.ActiveCfg = Debug|Any CPU
		{89FC55A2-2BB6-44AF-BBA7-969442DCFB04}.Debug|Any CPU.Build.0 = Debug|Any CPU
		{89FC55A2-2BB6-44AF-BBA7-969442DCFB04}.Release|Any CPU.ActiveCfg = Release|Any CPU
		{89FC55A2-2BB6-44AF-BBA7-969442DCFB04}.Release|Any CPU.Build.0 = Release|Any CPU
		{F407472D-A524-4225-BA96-152DE6EAAEF3}.Debug|Any CPU.ActiveCfg = Debug|Any CPU
		{F407472D-A524-4225-BA96-152DE6EAAEF3}.Debug|Any CPU.Build.0 = Debug|Any CPU
		{F407472D-A524-4225-BA96-152DE6EAAEF3}.Release|Any CPU.ActiveCfg = Release|Any CPU
		{F407472D-A524-4225-BA96-152DE6EAAEF3}.Release|Any CPU.Build.0 = Release|Any CPU
	EndGlobalSection
	GlobalSection(SolutionProperties) = preSolution
		HideSolutionNode = FALSE
	EndGlobalSection
	GlobalSection(ExtensibilityGlobals) = postSolution
		SolutionGuid = {89C00972-34A4-4B32-A8AB-C10D385D7711}
	EndGlobalSection
EndGlobal
